// !$*UTF8*$!
{
	archiveVersion = 1;
	classes = {
	};
	objectVersion = 50;
	objects = {

/* Begin PBXBuildFile section */
		9406FF3D25F34114005983B2 /* LearningGHApp.swift in Sources */ = {isa = PBXBuildFile; fileRef = 9406FF3C25F34114005983B2 /* LearningGHApp.swift */; };
		9406FF3F25F34114005983B2 /* ContentView.swift in Sources */ = {isa = PBXBuildFile; fileRef = 9406FF3E25F34114005983B2 /* ContentView.swift */; };
		9406FF4125F34129005983B2 /* Assets.xcassets in Resources */ = {isa = PBXBuildFile; fileRef = 9406FF4025F34129005983B2 /* Assets.xcassets */; };
		9406FF4425F34129005983B2 /* Preview Assets.xcassets in Resources */ = {isa = PBXBuildFile; fileRef = 9406FF4325F34129005983B2 /* Preview Assets.xcassets */; };
		9406FF4F25F3412A005983B2 /* LearningGHTests.swift in Sources */ = {isa = PBXBuildFile; fileRef = 9406FF4E25F3412A005983B2 /* LearningGHTests.swift */; };
		9406FF5A25F3412A005983B2 /* LearningGHUITests.swift in Sources */ = {isa = PBXBuildFile; fileRef = 9406FF5925F3412A005983B2 /* LearningGHUITests.swift */; };
/* End PBXBuildFile section */

/* Begin PBXContainerItemProxy section */
		9406FF4B25F3412A005983B2 /* PBXContainerItemProxy */ = {
			isa = PBXContainerItemProxy;
			containerPortal = 9406FF3125F34113005983B2 /* Project object */;
			proxyType = 1;
			remoteGlobalIDString = 9406FF3825F34113005983B2;
			remoteInfo = LearningGH;
		};
		9406FF5625F3412A005983B2 /* PBXContainerItemProxy */ = {
			isa = PBXContainerItemProxy;
			containerPortal = 9406FF3125F34113005983B2 /* Project object */;
			proxyType = 1;
			remoteGlobalIDString = 9406FF3825F34113005983B2;
			remoteInfo = LearningGH;
		};
/* End PBXContainerItemProxy section */

/* Begin PBXFileReference section */
		9406FF3925F34114005983B2 /* LearningGH.app */ = {isa = PBXFileReference; explicitFileType = wrapper.application; includeInIndex = 0; path = LearningGH.app; sourceTree = BUILT_PRODUCTS_DIR; };
		9406FF3C25F34114005983B2 /* LearningGHApp.swift */ = {isa = PBXFileReference; lastKnownFileType = sourcecode.swift; path = LearningGHApp.swift; sourceTree = "<group>"; };
		9406FF3E25F34114005983B2 /* ContentView.swift */ = {isa = PBXFileReference; lastKnownFileType = sourcecode.swift; path = ContentView.swift; sourceTree = "<group>"; };
		9406FF4025F34129005983B2 /* Assets.xcassets */ = {isa = PBXFileReference; lastKnownFileType = folder.assetcatalog; path = Assets.xcassets; sourceTree = "<group>"; };
		9406FF4325F34129005983B2 /* Preview Assets.xcassets */ = {isa = PBXFileReference; lastKnownFileType = folder.assetcatalog; path = "Preview Assets.xcassets"; sourceTree = "<group>"; };
		9406FF4525F34129005983B2 /* Info.plist */ = {isa = PBXFileReference; lastKnownFileType = text.plist.xml; path = Info.plist; sourceTree = "<group>"; };
		9406FF4A25F3412A005983B2 /* LearningGHTests.xctest */ = {isa = PBXFileReference; explicitFileType = wrapper.cfbundle; includeInIndex = 0; path = LearningGHTests.xctest; sourceTree = BUILT_PRODUCTS_DIR; };
		9406FF4E25F3412A005983B2 /* LearningGHTests.swift */ = {isa = PBXFileReference; lastKnownFileType = sourcecode.swift; path = LearningGHTests.swift; sourceTree = "<group>"; };
		9406FF5025F3412A005983B2 /* Info.plist */ = {isa = PBXFileReference; lastKnownFileType = text.plist.xml; path = Info.plist; sourceTree = "<group>"; };
		9406FF5525F3412A005983B2 /* LearningGHUITests.xctest */ = {isa = PBXFileReference; explicitFileType = wrapper.cfbundle; includeInIndex = 0; path = LearningGHUITests.xctest; sourceTree = BUILT_PRODUCTS_DIR; };
		9406FF5925F3412A005983B2 /* LearningGHUITests.swift */ = {isa = PBXFileReference; lastKnownFileType = sourcecode.swift; path = LearningGHUITests.swift; sourceTree = "<group>"; };
		9406FF5B25F3412A005983B2 /* Info.plist */ = {isa = PBXFileReference; lastKnownFileType = text.plist.xml; path = Info.plist; sourceTree = "<group>"; };
/* End PBXFileReference section */

/* Begin PBXFrameworksBuildPhase section */
		9406FF3625F34113005983B2 /* Frameworks */ = {
			isa = PBXFrameworksBuildPhase;
			buildActionMask = 2147483647;
			files = (
			);
			runOnlyForDeploymentPostprocessing = 0;
		};
		9406FF4725F3412A005983B2 /* Frameworks */ = {
			isa = PBXFrameworksBuildPhase;
			buildActionMask = 2147483647;
			files = (
			);
			runOnlyForDeploymentPostprocessing = 0;
		};
		9406FF5225F3412A005983B2 /* Frameworks */ = {
			isa = PBXFrameworksBuildPhase;
			buildActionMask = 2147483647;
			files = (
			);
			runOnlyForDeploymentPostprocessing = 0;
		};
/* End PBXFrameworksBuildPhase section */

/* Begin PBXGroup section */
		9406FF3025F34113005983B2 = {
			isa = PBXGroup;
			children = (
				9406FF3B25F34114005983B2 /* LearningGH */,
				9406FF4D25F3412A005983B2 /* LearningGHTests */,
				9406FF5825F3412A005983B2 /* LearningGHUITests */,
				9406FF3A25F34114005983B2 /* Products */,
			);
			sourceTree = "<group>";
		};
		9406FF3A25F34114005983B2 /* Products */ = {
			isa = PBXGroup;
			children = (
				9406FF3925F34114005983B2 /* LearningGH.app */,
				9406FF4A25F3412A005983B2 /* LearningGHTests.xctest */,
				9406FF5525F3412A005983B2 /* LearningGHUITests.xctest */,
			);
			name = Products;
			sourceTree = "<group>";
		};
		9406FF3B25F34114005983B2 /* LearningGH */ = {
			isa = PBXGroup;
			children = (
				9406FF3C25F34114005983B2 /* LearningGHApp.swift */,
				9406FF3E25F34114005983B2 /* ContentView.swift */,
				9406FF4025F34129005983B2 /* Assets.xcassets */,
				9406FF4525F34129005983B2 /* Info.plist */,
				9406FF4225F34129005983B2 /* Preview Content */,
			);
			path = LearningGH;
			sourceTree = "<group>";
		};
		9406FF4225F34129005983B2 /* Preview Content */ = {
			isa = PBXGroup;
			children = (
				9406FF4325F34129005983B2 /* Preview Assets.xcassets */,
			);
			path = "Preview Content";
			sourceTree = "<group>";
		};
		9406FF4D25F3412A005983B2 /* LearningGHTests */ = {
			isa = PBXGroup;
			children = (
				9406FF4E25F3412A005983B2 /* LearningGHTests.swift */,
				9406FF5025F3412A005983B2 /* Info.plist */,
			);
			path = LearningGHTests;
			sourceTree = "<group>";
		};
		9406FF5825F3412A005983B2 /* LearningGHUITests */ = {
			isa = PBXGroup;
			children = (
				9406FF5925F3412A005983B2 /* LearningGHUITests.swift */,
				9406FF5B25F3412A005983B2 /* Info.plist */,
			);
			path = LearningGHUITests;
			sourceTree = "<group>";
		};
/* End PBXGroup section */

/* Begin PBXNativeTarget section */
		9406FF3825F34113005983B2 /* LearningGH */ = {
			isa = PBXNativeTarget;
			buildConfigurationList = 9406FF5E25F3412A005983B2 /* Build configuration list for PBXNativeTarget "LearningGH" */;
			buildPhases = (
				9406FF3525F34113005983B2 /* Sources */,
				9406FF3625F34113005983B2 /* Frameworks */,
				9406FF3725F34113005983B2 /* Resources */,
			);
			buildRules = (
			);
			dependencies = (
			);
			name = LearningGH;
			productName = LearningGH;
			productReference = 9406FF3925F34114005983B2 /* LearningGH.app */;
			productType = "com.apple.product-type.application";
		};
		9406FF4925F3412A005983B2 /* LearningGHTests */ = {
			isa = PBXNativeTarget;
			buildConfigurationList = 9406FF6125F3412A005983B2 /* Build configuration list for PBXNativeTarget "LearningGHTests" */;
			buildPhases = (
				9406FF4625F3412A005983B2 /* Sources */,
				9406FF4725F3412A005983B2 /* Frameworks */,
				9406FF4825F3412A005983B2 /* Resources */,
			);
			buildRules = (
			);
			dependencies = (
				9406FF4C25F3412A005983B2 /* PBXTargetDependency */,
			);
			name = LearningGHTests;
			productName = LearningGHTests;
			productReference = 9406FF4A25F3412A005983B2 /* LearningGHTests.xctest */;
			productType = "com.apple.product-type.bundle.unit-test";
		};
		9406FF5425F3412A005983B2 /* LearningGHUITests */ = {
			isa = PBXNativeTarget;
			buildConfigurationList = 9406FF6425F3412A005983B2 /* Build configuration list for PBXNativeTarget "LearningGHUITests" */;
			buildPhases = (
				9406FF5125F3412A005983B2 /* Sources */,
				9406FF5225F3412A005983B2 /* Frameworks */,
				9406FF5325F3412A005983B2 /* Resources */,
			);
			buildRules = (
			);
			dependencies = (
				9406FF5725F3412A005983B2 /* PBXTargetDependency */,
			);
			name = LearningGHUITests;
			productName = LearningGHUITests;
			productReference = 9406FF5525F3412A005983B2 /* LearningGHUITests.xctest */;
			productType = "com.apple.product-type.bundle.ui-testing";
		};
/* End PBXNativeTarget section */

/* Begin PBXProject section */
		9406FF3125F34113005983B2 /* Project object */ = {
			isa = PBXProject;
			attributes = {
				LastSwiftUpdateCheck = 1240;
				LastUpgradeCheck = 1240;
				TargetAttributes = {
					9406FF3825F34113005983B2 = {
						CreatedOnToolsVersion = 12.4;
					};
					9406FF4925F3412A005983B2 = {
						CreatedOnToolsVersion = 12.4;
						TestTargetID = 9406FF3825F34113005983B2;
					};
					9406FF5425F3412A005983B2 = {
						CreatedOnToolsVersion = 12.4;
						TestTargetID = 9406FF3825F34113005983B2;
					};
				};
			};
			buildConfigurationList = 9406FF3425F34113005983B2 /* Build configuration list for PBXProject "LearningGH" */;
			compatibilityVersion = "Xcode 9.3";
			developmentRegion = en;
			hasScannedForEncodings = 0;
			knownRegions = (
				en,
				Base,
			);
			mainGroup = 9406FF3025F34113005983B2;
			productRefGroup = 9406FF3A25F34114005983B2 /* Products */;
			projectDirPath = "";
			projectRoot = "";
			targets = (
				9406FF3825F34113005983B2 /* LearningGH */,
				9406FF4925F3412A005983B2 /* LearningGHTests */,
				9406FF5425F3412A005983B2 /* LearningGHUITests */,
			);
		};
/* End PBXProject section */

/* Begin PBXResourcesBuildPhase section */
		9406FF3725F34113005983B2 /* Resources */ = {
			isa = PBXResourcesBuildPhase;
			buildActionMask = 2147483647;
			files = (
				9406FF4425F34129005983B2 /* Preview Assets.xcassets in Resources */,
				9406FF4125F34129005983B2 /* Assets.xcassets in Resources */,
			);
			runOnlyForDeploymentPostprocessing = 0;
		};
		9406FF4825F3412A005983B2 /* Resources */ = {
			isa = PBXResourcesBuildPhase;
			buildActionMask = 2147483647;
			files = (
			);
			runOnlyForDeploymentPostprocessing = 0;
		};
		9406FF5325F3412A005983B2 /* Resources */ = {
			isa = PBXResourcesBuildPhase;
			buildActionMask = 2147483647;
			files = (
			);
			runOnlyForDeploymentPostprocessing = 0;
		};
/* End PBXResourcesBuildPhase section */

/* Begin PBXSourcesBuildPhase section */
		9406FF3525F34113005983B2 /* Sources */ = {
			isa = PBXSourcesBuildPhase;
			buildActionMask = 2147483647;
			files = (
				9406FF3F25F34114005983B2 /* ContentView.swift in Sources */,
				9406FF3D25F34114005983B2 /* LearningGHApp.swift in Sources */,
			);
			runOnlyForDeploymentPostprocessing = 0;
		};
		9406FF4625F3412A005983B2 /* Sources */ = {
			isa = PBXSourcesBuildPhase;
			buildActionMask = 2147483647;
			files = (
				9406FF4F25F3412A005983B2 /* LearningGHTests.swift in Sources */,
			);
			runOnlyForDeploymentPostprocessing = 0;
		};
		9406FF5125F3412A005983B2 /* Sources */ = {
			isa = PBXSourcesBuildPhase;
			buildActionMask = 2147483647;
			files = (
				9406FF5A25F3412A005983B2 /* LearningGHUITests.swift in Sources */,
			);
			runOnlyForDeploymentPostprocessing = 0;
		};
/* End PBXSourcesBuildPhase section */

/* Begin PBXTargetDependency section */
		9406FF4C25F3412A005983B2 /* PBXTargetDependency */ = {
			isa = PBXTargetDependency;
			target = 9406FF3825F34113005983B2 /* LearningGH */;
			targetProxy = 9406FF4B25F3412A005983B2 /* PBXContainerItemProxy */;
		};
		9406FF5725F3412A005983B2 /* PBXTargetDependency */ = {
			isa = PBXTargetDependency;
			target = 9406FF3825F34113005983B2 /* LearningGH */;
			targetProxy = 9406FF5625F3412A005983B2 /* PBXContainerItemProxy */;
		};
/* End PBXTargetDependency section */

/* Begin XCBuildConfiguration section */
		9406FF5C25F3412A005983B2 /* Debug */ = {
			isa = XCBuildConfiguration;
			buildSettings = {
				ALWAYS_SEARCH_USER_PATHS = NO;
				CLANG_ANALYZER_NONNULL = YES;
				CLANG_ANALYZER_NUMBER_OBJECT_CONVERSION = YES_AGGRESSIVE;
				CLANG_CXX_LANGUAGE_STANDARD = "gnu++14";
				CLANG_CXX_LIBRARY = "libc++";
				CLANG_ENABLE_MODULES = YES;
				CLANG_ENABLE_OBJC_ARC = YES;
				CLANG_ENABLE_OBJC_WEAK = YES;
				CLANG_WARN_BLOCK_CAPTURE_AUTORELEASING = YES;
				CLANG_WARN_BOOL_CONVERSION = YES;
				CLANG_WARN_COMMA = YES;
				CLANG_WARN_CONSTANT_CONVERSION = YES;
				CLANG_WARN_DEPRECATED_OBJC_IMPLEMENTATIONS = YES;
				CLANG_WARN_DIRECT_OBJC_ISA_USAGE = YES_ERROR;
				CLANG_WARN_DOCUMENTATION_COMMENTS = YES;
				CLANG_WARN_EMPTY_BODY = YES;
				CLANG_WARN_ENUM_CONVERSION = YES;
				CLANG_WARN_INFINITE_RECURSION = YES;
				CLANG_WARN_INT_CONVERSION = YES;
				CLANG_WARN_NON_LITERAL_NULL_CONVERSION = YES;
				CLANG_WARN_OBJC_IMPLICIT_RETAIN_SELF = YES;
				CLANG_WARN_OBJC_LITERAL_CONVERSION = YES;
				CLANG_WARN_OBJC_ROOT_CLASS = YES_ERROR;
				CLANG_WARN_QUOTED_INCLUDE_IN_FRAMEWORK_HEADER = YES;
				CLANG_WARN_RANGE_LOOP_ANALYSIS = YES;
				CLANG_WARN_STRICT_PROTOTYPES = YES;
				CLANG_WARN_SUSPICIOUS_MOVE = YES;
				CLANG_WARN_UNGUARDED_AVAILABILITY = YES_AGGRESSIVE;
				CLANG_WARN_UNREACHABLE_CODE = YES;
				CLANG_WARN__DUPLICATE_METHOD_MATCH = YES;
				COPY_PHASE_STRIP = NO;
				DEBUG_INFORMATION_FORMAT = dwarf;
				ENABLE_STRICT_OBJC_MSGSEND = YES;
				ENABLE_TESTABILITY = YES;
				GCC_C_LANGUAGE_STANDARD = gnu11;
				GCC_DYNAMIC_NO_PIC = NO;
				GCC_NO_COMMON_BLOCKS = YES;
				GCC_OPTIMIZATION_LEVEL = 0;
				GCC_PREPROCESSOR_DEFINITIONS = (
					"DEBUG=1",
					"$(inherited)",
				);
				GCC_WARN_64_TO_32_BIT_CONVERSION = YES;
				GCC_WARN_ABOUT_RETURN_TYPE = YES_ERROR;
				GCC_WARN_UNDECLARED_SELECTOR = YES;
				GCC_WARN_UNINITIALIZED_AUTOS = YES_AGGRESSIVE;
				GCC_WARN_UNUSED_FUNCTION = YES;
				GCC_WARN_UNUSED_VARIABLE = YES;
				IPHONEOS_DEPLOYMENT_TARGET = 14.4;
				MTL_ENABLE_DEBUG_INFO = INCLUDE_SOURCE;
				MTL_FAST_MATH = YES;
				ONLY_ACTIVE_ARCH = YES;
				SDKROOT = iphoneos;
				SWIFT_ACTIVE_COMPILATION_CONDITIONS = DEBUG;
				SWIFT_OPTIMIZATION_LEVEL = "-Onone";
			};
			name = Debug;
		};
		9406FF5D25F3412A005983B2 /* Release */ = {
			isa = XCBuildConfiguration;
			buildSettings = {
				ALWAYS_SEARCH_USER_PATHS = NO;
				CLANG_ANALYZER_NONNULL = YES;
				CLANG_ANALYZER_NUMBER_OBJECT_CONVERSION = YES_AGGRESSIVE;
				CLANG_CXX_LANGUAGE_STANDARD = "gnu++14";
				CLANG_CXX_LIBRARY = "libc++";
				CLANG_ENABLE_MODULES = YES;
				CLANG_ENABLE_OBJC_ARC = YES;
				CLANG_ENABLE_OBJC_WEAK = YES;
				CLANG_WARN_BLOCK_CAPTURE_AUTORELEASING = YES;
				CLANG_WARN_BOOL_CONVERSION = YES;
				CLANG_WARN_COMMA = YES;
				CLANG_WARN_CONSTANT_CONVERSION = YES;
				CLANG_WARN_DEPRECATED_OBJC_IMPLEMENTATIONS = YES;
				CLANG_WARN_DIRECT_OBJC_ISA_USAGE = YES_ERROR;
				CLANG_WARN_DOCUMENTATION_COMMENTS = YES;
				CLANG_WARN_EMPTY_BODY = YES;
				CLANG_WARN_ENUM_CONVERSION = YES;
				CLANG_WARN_INFINITE_RECURSION = YES;
				CLANG_WARN_INT_CONVERSION = YES;
				CLANG_WARN_NON_LITERAL_NULL_CONVERSION = YES;
				CLANG_WARN_OBJC_IMPLICIT_RETAIN_SELF = YES;
				CLANG_WARN_OBJC_LITERAL_CONVERSION = YES;
				CLANG_WARN_OBJC_ROOT_CLASS = YES_ERROR;
				CLANG_WARN_QUOTED_INCLUDE_IN_FRAMEWORK_HEADER = YES;
				CLANG_WARN_RANGE_LOOP_ANALYSIS = YES;
				CLANG_WARN_STRICT_PROTOTYPES = YES;
				CLANG_WARN_SUSPICIOUS_MOVE = YES;
				CLANG_WARN_UNGUARDED_AVAILABILITY = YES_AGGRESSIVE;
				CLANG_WARN_UNREACHABLE_CODE = YES;
				CLANG_WARN__DUPLICATE_METHOD_MATCH = YES;
				COPY_PHASE_STRIP = NO;
				DEBUG_INFORMATION_FORMAT = "dwarf-with-dsym";
				ENABLE_NS_ASSERTIONS = NO;
				ENABLE_STRICT_OBJC_MSGSEND = YES;
				GCC_C_LANGUAGE_STANDARD = gnu11;
				GCC_NO_COMMON_BLOCKS = YES;
				GCC_WARN_64_TO_32_BIT_CONVERSION = YES;
				GCC_WARN_ABOUT_RETURN_TYPE = YES_ERROR;
				GCC_WARN_UNDECLARED_SELECTOR = YES;
				GCC_WARN_UNINITIALIZED_AUTOS = YES_AGGRESSIVE;
				GCC_WARN_UNUSED_FUNCTION = YES;
				GCC_WARN_UNUSED_VARIABLE = YES;
				IPHONEOS_DEPLOYMENT_TARGET = 14.4;
				MTL_ENABLE_DEBUG_INFO = NO;
				MTL_FAST_MATH = YES;
				SDKROOT = iphoneos;
				SWIFT_COMPILATION_MODE = wholemodule;
				SWIFT_OPTIMIZATION_LEVEL = "-O";
				VALIDATE_PRODUCT = YES;
			};
			name = Release;
		};
		9406FF5F25F3412A005983B2 /* Debug */ = {
			isa = XCBuildConfiguration;
			buildSettings = {
				ASSETCATALOG_COMPILER_APPICON_NAME = AppIcon;
				ASSETCATALOG_COMPILER_GLOBAL_ACCENT_COLOR_NAME = AccentColor;
				CODE_SIGN_STYLE = Automatic;
				DEVELOPMENT_ASSET_PATHS = "\"LearningGH/Preview Content\"";
				DEVELOPMENT_TEAM = B99U4L7HU8;
				ENABLE_PREVIEWS = YES;
				INFOPLIST_FILE = LearningGH/Info.plist;
				IPHONEOS_DEPLOYMENT_TARGET = 14.0;
				LD_RUNPATH_SEARCH_PATHS = (
					"$(inherited)",
					"@executable_path/Frameworks",
				);
				PRODUCT_BUNDLE_IDENTIFIER = com.christianzagorski.LearningGH;
				PRODUCT_NAME = "$(TARGET_NAME)";
				SWIFT_VERSION = 5.0;
				TARGETED_DEVICE_FAMILY = "1,2";
			};
			name = Debug;
		};
		9406FF6025F3412A005983B2 /* Release */ = {
			isa = XCBuildConfiguration;
			buildSettings = {
				ASSETCATALOG_COMPILER_APPICON_NAME = AppIcon;
				ASSETCATALOG_COMPILER_GLOBAL_ACCENT_COLOR_NAME = AccentColor;
				CODE_SIGN_STYLE = Automatic;
				DEVELOPMENT_ASSET_PATHS = "\"LearningGH/Preview Content\"";
				DEVELOPMENT_TEAM = B99U4L7HU8;
				ENABLE_PREVIEWS = YES;
				INFOPLIST_FILE = LearningGH/Info.plist;
				IPHONEOS_DEPLOYMENT_TARGET = 14.0;
				LD_RUNPATH_SEARCH_PATHS = (
					"$(inherited)",
					"@executable_path/Frameworks",
				);
				PRODUCT_BUNDLE_IDENTIFIER = com.christianzagorski.LearningGH;
				PRODUCT_NAME = "$(TARGET_NAME)";
				SWIFT_VERSION = 5.0;
				TARGETED_DEVICE_FAMILY = "1,2";
			};
			name = Release;
		};
		9406FF6225F3412A005983B2 /* Debug */ = {
			isa = XCBuildConfiguration;
			buildSettings = {
				ALWAYS_EMBED_SWIFT_STANDARD_LIBRARIES = YES;
				BUNDLE_LOADER = "$(TEST_HOST)";
				CODE_SIGN_STYLE = Automatic;
				DEVELOPMENT_TEAM = B99U4L7HU8;
				INFOPLIST_FILE = LearningGHTests/Info.plist;
				IPHONEOS_DEPLOYMENT_TARGET = 14.0;
				LD_RUNPATH_SEARCH_PATHS = (
					"$(inherited)",
					"@executable_path/Frameworks",
					"@loader_path/Frameworks",
				);
				PRODUCT_BUNDLE_IDENTIFIER = com.christianzagorski.LearningGHTests;
				PRODUCT_NAME = "$(TARGET_NAME)";
				SWIFT_VERSION = 5.0;
				TARGETED_DEVICE_FAMILY = "1,2";
				TEST_HOST = "$(BUILT_PRODUCTS_DIR)/LearningGH.app/LearningGH";
			};
			name = Debug;
		};
		9406FF6325F3412A005983B2 /* Release */ = {
			isa = XCBuildConfiguration;
			buildSettings = {
				ALWAYS_EMBED_SWIFT_STANDARD_LIBRARIES = YES;
				BUNDLE_LOADER = "$(TEST_HOST)";
				CODE_SIGN_STYLE = Automatic;
				DEVELOPMENT_TEAM = B99U4L7HU8;
				INFOPLIST_FILE = LearningGHTests/Info.plist;
				IPHONEOS_DEPLOYMENT_TARGET = 14.0;
				LD_RUNPATH_SEARCH_PATHS = (
					"$(inherited)",
					"@executable_path/Frameworks",
					"@loader_path/Frameworks",
				);
				PRODUCT_BUNDLE_IDENTIFIER = com.christianzagorski.LearningGHTests;
				PRODUCT_NAME = "$(TARGET_NAME)";
				SWIFT_VERSION = 5.0;
				TARGETED_DEVICE_FAMILY = "1,2";
				TEST_HOST = "$(BUILT_PRODUCTS_DIR)/LearningGH.app/LearningGH";
			};
			name = Release;
		};
		9406FF6525F3412A005983B2 /* Debug */ = {
			isa = XCBuildConfiguration;
			buildSettings = {
				ALWAYS_EMBED_SWIFT_STANDARD_LIBRARIES = YES;
				CODE_SIGN_STYLE = Automatic;
				DEVELOPMENT_TEAM = B99U4L7HU8;
				INFOPLIST_FILE = LearningGHUITests/Info.plist;
				LD_RUNPATH_SEARCH_PATHS = (
					"$(inherited)",
					"@executable_path/Frameworks",
					"@loader_path/Frameworks",
				);
				PRODUCT_BUNDLE_IDENTIFIER = com.christianzagorski.LearningGHUITests;
				PRODUCT_NAME = "$(TARGET_NAME)";
				SWIFT_VERSION = 5.0;
				TARGETED_DEVICE_FAMILY = "1,2";
				TEST_TARGET_NAME = LearningGH;
			};
			name = Debug;
		};
		9406FF6625F3412A005983B2 /* Release */ = {
			isa = XCBuildConfiguration;
			buildSettings = {
				ALWAYS_EMBED_SWIFT_STANDARD_LIBRARIES = YES;
				CODE_SIGN_STYLE = Automatic;
				DEVELOPMENT_TEAM = B99U4L7HU8;
				INFOPLIST_FILE = LearningGHUITests/Info.plist;
				LD_RUNPATH_SEARCH_PATHS = (
					"$(inherited)",
					"@executable_path/Frameworks",
					"@loader_path/Frameworks",
				);
				PRODUCT_BUNDLE_IDENTIFIER = com.christianzagorski.LearningGHUITests;
				PRODUCT_NAME = "$(TARGET_NAME)";
				SWIFT_VERSION = 5.0;
				TARGETED_DEVICE_FAMILY = "1,2";
				TEST_TARGET_NAME = LearningGH;
			};
			name = Release;
		};
/* End XCBuildConfiguration section */

/* Begin XCConfigurationList section */
		9406FF3425F34113005983B2 /* Build configuration list for PBXProject "LearningGH" */ = {
			isa = XCConfigurationList;
			buildConfigurations = (
				9406FF5C25F3412A005983B2 /* Debug */,
				9406FF5D25F3412A005983B2 /* Release */,
			);
			defaultConfigurationIsVisible = 0;
			defaultConfigurationName = Release;
		};
		9406FF5E25F3412A005983B2 /* Build configuration list for PBXNativeTarget "LearningGH" */ = {
			isa = XCConfigurationList;
			buildConfigurations = (
				9406FF5F25F3412A005983B2 /* Debug */,
				9406FF6025F3412A005983B2 /* Release */,
			);
			defaultConfigurationIsVisible = 0;
			defaultConfigurationName = Release;
		};
		9406FF6125F3412A005983B2 /* Build configuration list for PBXNativeTarget "LearningGHTests" */ = {
			isa = XCConfigurationList;
			buildConfigurations = (
				9406FF6225F3412A005983B2 /* Debug */,
				9406FF6325F3412A005983B2 /* Release */,
			);
			defaultConfigurationIsVisible = 0;
			defaultConfigurationName = Release;
		};
		9406FF6425F3412A005983B2 /* Build configuration list for PBXNativeTarget "LearningGHUITests" */ = {
			isa = XCConfigurationList;
			buildConfigurations = (
				9406FF6525F3412A005983B2 /* Debug */,
				9406FF6625F3412A005983B2 /* Release */,
			);
			defaultConfigurationIsVisible = 0;
			defaultConfigurationName = Release;
		};
/* End XCConfigurationList section */
	};
	rootObject = 9406FF3125F34113005983B2 /* Project object */;
}
